// !$*UTF8*$!
{
	archiveVersion = 1;
	classes = {
	};
	objectVersion = 48;
	objects = {

/* Begin PBXBuildFile section */
		72F49E25205715D200FD8827 /* AppDelegate.swift in Sources */ = {isa = PBXBuildFile; fileRef = 72F49E24205715D200FD8827 /* AppDelegate.swift */; };
		72F49E27205715D200FD8827 /* ViewController.swift in Sources */ = {isa = PBXBuildFile; fileRef = 72F49E26205715D200FD8827 /* ViewController.swift */; };
		72F49E2A205715D200FD8827 /* Main.storyboard in Resources */ = {isa = PBXBuildFile; fileRef = 72F49E28205715D200FD8827 /* Main.storyboard */; };
		72F49E2C205715D200FD8827 /* Assets.xcassets in Resources */ = {isa = PBXBuildFile; fileRef = 72F49E2B205715D200FD8827 /* Assets.xcassets */; };
		72F49E2F205715D200FD8827 /* LaunchScreen.storyboard in Resources */ = {isa = PBXBuildFile; fileRef = 72F49E2D205715D200FD8827 /* LaunchScreen.storyboard */; };
		72F49E372057181B00FD8827 /* ServerData.json in Resources */ = {isa = PBXBuildFile; fileRef = 72F49E362057181B00FD8827 /* ServerData.json */; };
		72F49E392057183300FD8827 /* ProfileModel.swift in Sources */ = {isa = PBXBuildFile; fileRef = 72F49E382057183300FD8827 /* ProfileModel.swift */; };
		72F49E3B20571E1200FD8827 /* ProfileViewModel.swift in Sources */ = {isa = PBXBuildFile; fileRef = 72F49E3A20571E1200FD8827 /* ProfileViewModel.swift */; };
		72F49E472057257B00FD8827 /* AttributeCell.swift in Sources */ = {isa = PBXBuildFile; fileRef = 72F49E3D2057257A00FD8827 /* AttributeCell.swift */; };
		72F49E482057257B00FD8827 /* FriendCell.swift in Sources */ = {isa = PBXBuildFile; fileRef = 72F49E3E2057257A00FD8827 /* FriendCell.swift */; };
		72F49E492057257B00FD8827 /* FriendCell.xib in Resources */ = {isa = PBXBuildFile; fileRef = 72F49E3F2057257A00FD8827 /* FriendCell.xib */; };
		72F49E4A2057257B00FD8827 /* NamePictureCell.xib in Resources */ = {isa = PBXBuildFile; fileRef = 72F49E402057257A00FD8827 /* NamePictureCell.xib */; };
		72F49E4B2057257B00FD8827 /* NamePictureCell.swift in Sources */ = {isa = PBXBuildFile; fileRef = 72F49E412057257B00FD8827 /* NamePictureCell.swift */; };
		72F49E4C2057257B00FD8827 /* AboutCell.swift in Sources */ = {isa = PBXBuildFile; fileRef = 72F49E422057257B00FD8827 /* AboutCell.swift */; };
		72F49E4D2057257B00FD8827 /* EmailCell.xib in Resources */ = {isa = PBXBuildFile; fileRef = 72F49E432057257B00FD8827 /* EmailCell.xib */; };
		72F49E4E2057257B00FD8827 /* AboutCell.xib in Resources */ = {isa = PBXBuildFile; fileRef = 72F49E442057257B00FD8827 /* AboutCell.xib */; };
		72F49E4F2057257B00FD8827 /* AttributeCell.xib in Resources */ = {isa = PBXBuildFile; fileRef = 72F49E452057257B00FD8827 /* AttributeCell.xib */; };
		72F49E502057257B00FD8827 /* EmailCell.swift in Sources */ = {isa = PBXBuildFile; fileRef = 72F49E462057257B00FD8827 /* EmailCell.swift */; };
/* End PBXBuildFile section */

/* Begin PBXFileReference section */
		72F49E21205715D200FD8827 /* diffcells.app */ = {isa = PBXFileReference; explicitFileType = wrapper.application; includeInIndex = 0; path = diffcells.app; sourceTree = BUILT_PRODUCTS_DIR; };
		72F49E24205715D200FD8827 /* AppDelegate.swift */ = {isa = PBXFileReference; lastKnownFileType = sourcecode.swift; path = AppDelegate.swift; sourceTree = "<group>"; };
		72F49E26205715D200FD8827 /* ViewController.swift */ = {isa = PBXFileReference; lastKnownFileType = sourcecode.swift; path = ViewController.swift; sourceTree = "<group>"; };
		72F49E29205715D200FD8827 /* Base */ = {isa = PBXFileReference; lastKnownFileType = file.storyboard; name = Base; path = Base.lproj/Main.storyboard; sourceTree = "<group>"; };
		72F49E2B205715D200FD8827 /* Assets.xcassets */ = {isa = PBXFileReference; lastKnownFileType = folder.assetcatalog; path = Assets.xcassets; sourceTree = "<group>"; };
		72F49E2E205715D200FD8827 /* Base */ = {isa = PBXFileReference; lastKnownFileType = file.storyboard; name = Base; path = Base.lproj/LaunchScreen.storyboard; sourceTree = "<group>"; };
		72F49E30205715D200FD8827 /* Info.plist */ = {isa = PBXFileReference; lastKnownFileType = text.plist.xml; path = Info.plist; sourceTree = "<group>"; };
		72F49E362057181B00FD8827 /* ServerData.json */ = {isa = PBXFileReference; fileEncoding = 4; lastKnownFileType = text.json; path = ServerData.json; sourceTree = "<group>"; };
		72F49E382057183300FD8827 /* ProfileModel.swift */ = {isa = PBXFileReference; lastKnownFileType = sourcecode.swift; path = ProfileModel.swift; sourceTree = "<group>"; };
		72F49E3A20571E1200FD8827 /* ProfileViewModel.swift */ = {isa = PBXFileReference; lastKnownFileType = sourcecode.swift; path = ProfileViewModel.swift; sourceTree = "<group>"; };
		72F49E3D2057257A00FD8827 /* AttributeCell.swift */ = {isa = PBXFileReference; fileEncoding = 4; lastKnownFileType = sourcecode.swift; path = AttributeCell.swift; sourceTree = "<group>"; };
		72F49E3E2057257A00FD8827 /* FriendCell.swift */ = {isa = PBXFileReference; fileEncoding = 4; lastKnownFileType = sourcecode.swift; path = FriendCell.swift; sourceTree = "<group>"; };
		72F49E3F2057257A00FD8827 /* FriendCell.xib */ = {isa = PBXFileReference; fileEncoding = 4; lastKnownFileType = file.xib; path = FriendCell.xib; sourceTree = "<group>"; };
		72F49E402057257A00FD8827 /* NamePictureCell.xib */ = {isa = PBXFileReference; fileEncoding = 4; lastKnownFileType = file.xib; path = NamePictureCell.xib; sourceTree = "<group>"; };
		72F49E412057257B00FD8827 /* NamePictureCell.swift */ = {isa = PBXFileReference; fileEncoding = 4; lastKnownFileType = sourcecode.swift; path = NamePictureCell.swift; sourceTree = "<group>"; };
		72F49E422057257B00FD8827 /* AboutCell.swift */ = {isa = PBXFileReference; fileEncoding = 4; lastKnownFileType = sourcecode.swift; path = AboutCell.swift; sourceTree = "<group>"; };
		72F49E432057257B00FD8827 /* EmailCell.xib */ = {isa = PBXFileReference; fileEncoding = 4; lastKnownFileType = file.xib; path = EmailCell.xib; sourceTree = "<group>"; };
		72F49E442057257B00FD8827 /* AboutCell.xib */ = {isa = PBXFileReference; fileEncoding = 4; lastKnownFileType = file.xib; path = AboutCell.xib; sourceTree = "<group>"; };
		72F49E452057257B00FD8827 /* AttributeCell.xib */ = {isa = PBXFileReference; fileEncoding = 4; lastKnownFileType = file.xib; path = AttributeCell.xib; sourceTree = "<group>"; };
		72F49E462057257B00FD8827 /* EmailCell.swift */ = {isa = PBXFileReference; fileEncoding = 4; lastKnownFileType = sourcecode.swift; path = EmailCell.swift; sourceTree = "<group>"; };
/* End PBXFileReference section */

/* Begin PBXFrameworksBuildPhase section */
		72F49E1E205715D200FD8827 /* Frameworks */ = {
			isa = PBXFrameworksBuildPhase;
			buildActionMask = 2147483647;
			files = (
			);
			runOnlyForDeploymentPostprocessing = 0;
		};
/* End PBXFrameworksBuildPhase section */

/* Begin PBXGroup section */
		72F49E18205715D200FD8827 = {
			isa = PBXGroup;
			children = (
				72F49E23205715D200FD8827 /* diffcells */,
				72F49E22205715D200FD8827 /* Products */,
			);
			sourceTree = "<group>";
		};
		72F49E22205715D200FD8827 /* Products */ = {
			isa = PBXGroup;
			children = (
				72F49E21205715D200FD8827 /* diffcells.app */,
			);
			name = Products;
			sourceTree = "<group>";
		};
		72F49E23205715D200FD8827 /* diffcells */ = {
			isa = PBXGroup;
			children = (
				72F49E3C205720B900FD8827 /* Table View Cells */,
				72F49E362057181B00FD8827 /* ServerData.json */,
				72F49E24205715D200FD8827 /* AppDelegate.swift */,
				72F49E26205715D200FD8827 /* ViewController.swift */,
				72F49E28205715D200FD8827 /* Main.storyboard */,
				72F49E2B205715D200FD8827 /* Assets.xcassets */,
				72F49E2D205715D200FD8827 /* LaunchScreen.storyboard */,
				72F49E30205715D200FD8827 /* Info.plist */,
				72F49E382057183300FD8827 /* ProfileModel.swift */,
				72F49E3A20571E1200FD8827 /* ProfileViewModel.swift */,
			);
			path = diffcells;
			sourceTree = "<group>";
		};
		72F49E3C205720B900FD8827 /* Table View Cells */ = {
			isa = PBXGroup;
			children = (
				72F49E422057257B00FD8827 /* AboutCell.swift */,
				72F49E442057257B00FD8827 /* AboutCell.xib */,
				72F49E3D2057257A00FD8827 /* AttributeCell.swift */,
				72F49E452057257B00FD8827 /* AttributeCell.xib */,
				72F49E462057257B00FD8827 /* EmailCell.swift */,
				72F49E432057257B00FD8827 /* EmailCell.xib */,
				72F49E3E2057257A00FD8827 /* FriendCell.swift */,
				72F49E3F2057257A00FD8827 /* FriendCell.xib */,
				72F49E412057257B00FD8827 /* NamePictureCell.swift */,
				72F49E402057257A00FD8827 /* NamePictureCell.xib */,
			);
			path = "Table View Cells";
			sourceTree = "<group>";
		};
/* End PBXGroup section */

/* Begin PBXNativeTarget section */
		72F49E20205715D200FD8827 /* diffcells */ = {
			isa = PBXNativeTarget;
			buildConfigurationList = 72F49E33205715D200FD8827 /* Build configuration list for PBXNativeTarget "diffcells" */;
			buildPhases = (
				72F49E1D205715D200FD8827 /* Sources */,
				72F49E1E205715D200FD8827 /* Frameworks */,
				72F49E1F205715D200FD8827 /* Resources */,
			);
			buildRules = (
			);
			dependencies = (
			);
			name = diffcells;
			productName = diffcells;
			productReference = 72F49E21205715D200FD8827 /* diffcells.app */;
			productType = "com.apple.product-type.application";
		};
/* End PBXNativeTarget section */

/* Begin PBXProject section */
		72F49E19205715D200FD8827 /* Project object */ = {
			isa = PBXProject;
			attributes = {
				LastSwiftUpdateCheck = 0920;
				LastUpgradeCheck = 0920;
				ORGANIZATIONNAME = "Norbert Czirjak";
				TargetAttributes = {
					72F49E20205715D200FD8827 = {
						CreatedOnToolsVersion = 9.2;
						ProvisioningStyle = Automatic;
					};
				};
			};
			buildConfigurationList = 72F49E1C205715D200FD8827 /* Build configuration list for PBXProject "diffcells" */;
			compatibilityVersion = "Xcode 8.0";
			developmentRegion = en;
			hasScannedForEncodings = 0;
			knownRegions = (
				en,
				Base,
			);
			mainGroup = 72F49E18205715D200FD8827;
			productRefGroup = 72F49E22205715D200FD8827 /* Products */;
			projectDirPath = "";
			projectRoot = "";
			targets = (
				72F49E20205715D200FD8827 /* diffcells */,
			);
		};
/* End PBXProject section */

/* Begin PBXResourcesBuildPhase section */
		72F49E1F205715D200FD8827 /* Resources */ = {
			isa = PBXResourcesBuildPhase;
			buildActionMask = 2147483647;
			files = (
				72F49E492057257B00FD8827 /* FriendCell.xib in Resources */,
				72F49E4E2057257B00FD8827 /* AboutCell.xib in Resources */,
				72F49E4D2057257B00FD8827 /* EmailCell.xib in Resources */,
				72F49E372057181B00FD8827 /* ServerData.json in Resources */,
				72F49E2F205715D200FD8827 /* LaunchScreen.storyboard in Resources */,
				72F49E4A2057257B00FD8827 /* NamePictureCell.xib in Resources */,
				72F49E2C205715D200FD8827 /* Assets.xcassets in Resources */,
				72F49E2A205715D200FD8827 /* Main.storyboard in Resources */,
				72F49E4F2057257B00FD8827 /* AttributeCell.xib in Resources */,
			);
			runOnlyForDeploymentPostprocessing = 0;
		};
/* End PBXResourcesBuildPhase section */

/* Begin PBXSourcesBuildPhase section */
		72F49E1D205715D200FD8827 /* Sources */ = {
			isa = PBXSourcesBuildPhase;
			buildActionMask = 2147483647;
			files = (
				72F49E4B2057257B00FD8827 /* NamePictureCell.swift in Sources */,
				72F49E392057183300FD8827 /* ProfileModel.swift in Sources */,
				72F49E482057257B00FD8827 /* FriendCell.swift in Sources */,
				72F49E27205715D200FD8827 /* ViewController.swift in Sources */,
				72F49E3B20571E1200FD8827 /* ProfileViewModel.swift in Sources */,
				72F49E4C2057257B00FD8827 /* AboutCell.swift in Sources */,
				72F49E472057257B00FD8827 /* AttributeCell.swift in Sources */,
				72F49E502057257B00FD8827 /* EmailCell.swift in Sources */,
				72F49E25205715D200FD8827 /* AppDelegate.swift in Sources */,
			);
			runOnlyForDeploymentPostprocessing = 0;
		};
/* End PBXSourcesBuildPhase section */

/* Begin PBXVariantGroup section */
		72F49E28205715D200FD8827 /* Main.storyboard */ = {
			isa = PBXVariantGroup;
			children = (
				72F49E29205715D200FD8827 /* Base */,
			);
			name = Main.storyboard;
			sourceTree = "<group>";
		};
		72F49E2D205715D200FD8827 /* LaunchScreen.storyboard */ = {
			isa = PBXVariantGroup;
			children = (
				72F49E2E205715D200FD8827 /* Base */,
			);
			name = LaunchScreen.storyboard;
			sourceTree = "<group>";
		};
/* End PBXVariantGroup section */

/* Begin XCBuildConfiguration section */
		72F49E31205715D200FD8827 /* Debug */ = {
			isa = XCBuildConfiguration;
			buildSettings = {
				ALWAYS_SEARCH_USER_PATHS = NO;
				CLANG_ANALYZER_NONNULL = YES;
				CLANG_ANALYZER_NUMBER_OBJECT_CONVERSION = YES_AGGRESSIVE;
				CLANG_CXX_LANGUAGE_STANDARD = "gnu++14";
				CLANG_CXX_LIBRARY = "libc++";
				CLANG_ENABLE_MODULES = YES;
				CLANG_ENABLE_OBJC_ARC = YES;
				CLANG_WARN_BLOCK_CAPTURE_AUTORELEASING = YES;
				CLANG_WARN_BOOL_CONVERSION = YES;
				CLANG_WARN_COMMA = YES;
				CLANG_WARN_CONSTANT_CONVERSION = YES;
				CLANG_WARN_DIRECT_OBJC_ISA_USAGE = YES_ERROR;
				CLANG_WARN_DOCUMENTATION_COMMENTS = YES;
				CLANG_WARN_EMPTY_BODY = YES;
				CLANG_WARN_ENUM_CONVERSION = YES;
				CLANG_WARN_INFINITE_RECURSION = YES;
				CLANG_WARN_INT_CONVERSION = YES;
				CLANG_WARN_NON_LITERAL_NULL_CONVERSION = YES;
				CLANG_WARN_OBJC_LITERAL_CONVERSION = YES;
				CLANG_WARN_OBJC_ROOT_CLASS = YES_ERROR;
				CLANG_WARN_RANGE_LOOP_ANALYSIS = YES;
				CLANG_WARN_STRICT_PROTOTYPES = YES;
				CLANG_WARN_SUSPICIOUS_MOVE = YES;
				CLANG_WARN_UNGUARDED_AVAILABILITY = YES_AGGRESSIVE;
				CLANG_WARN_UNREACHABLE_CODE = YES;
				CLANG_WARN__DUPLICATE_METHOD_MATCH = YES;
				CODE_SIGN_IDENTITY = "iPhone Developer";
				COPY_PHASE_STRIP = NO;
				DEBUG_INFORMATION_FORMAT = dwarf;
				ENABLE_STRICT_OBJC_MSGSEND = YES;
				ENABLE_TESTABILITY = YES;
				GCC_C_LANGUAGE_STANDARD = gnu11;
				GCC_DYNAMIC_NO_PIC = NO;
				GCC_NO_COMMON_BLOCKS = YES;
				GCC_OPTIMIZATION_LEVEL = 0;
				GCC_PREPROCESSOR_DEFINITIONS = (
					"DEBUG=1",
					"$(inherited)",
				);
				GCC_WARN_64_TO_32_BIT_CONVERSION = YES;
				GCC_WARN_ABOUT_RETURN_TYPE = YES_ERROR;
				GCC_WARN_UNDECLARED_SELECTOR = YES;
				GCC_WARN_UNINITIALIZED_AUTOS = YES_AGGRESSIVE;
				GCC_WARN_UNUSED_FUNCTION = YES;
				GCC_WARN_UNUSED_VARIABLE = YES;
				IPHONEOS_DEPLOYMENT_TARGET = 11.2;
				MTL_ENABLE_DEBUG_INFO = YES;
				ONLY_ACTIVE_ARCH = YES;
				SDKROOT = iphoneos;
				SWIFT_ACTIVE_COMPILATION_CONDITIONS = DEBUG;
				SWIFT_OPTIMIZATION_LEVEL = "-Onone";
			};
			name = Debug;
		};
		72F49E32205715D200FD8827 /* Release */ = {
			isa = XCBuildConfiguration;
			buildSettings = {
				ALWAYS_SEARCH_USER_PATHS = NO;
				CLANG_ANALYZER_NONNULL = YES;
				CLANG_ANALYZER_NUMBER_OBJECT_CONVERSION = YES_AGGRESSIVE;
				CLANG_CXX_LANGUAGE_STANDARD = "gnu++14";
				CLANG_CXX_LIBRARY = "libc++";
				CLANG_ENABLE_MODULES = YES;
				CLANG_ENABLE_OBJC_ARC = YES;
				CLANG_WARN_BLOCK_CAPTURE_AUTORELEASING = YES;
				CLANG_WARN_BOOL_CONVERSION = YES;
				CLANG_WARN_COMMA = YES;
				CLANG_WARN_CONSTANT_CONVERSION = YES;
				CLANG_WARN_DIRECT_OBJC_ISA_USAGE = YES_ERROR;
				CLANG_WARN_DOCUMENTATION_COMMENTS = YES;
				CLANG_WARN_EMPTY_BODY = YES;
				CLANG_WARN_ENUM_CONVERSION = YES;
				CLANG_WARN_INFINITE_RECURSION = YES;
				CLANG_WARN_INT_CONVERSION = YES;
				CLANG_WARN_NON_LITERAL_NULL_CONVERSION = YES;
				CLANG_WARN_OBJC_LITERAL_CONVERSION = YES;
				CLANG_WARN_OBJC_ROOT_CLASS = YES_ERROR;
				CLANG_WARN_RANGE_LOOP_ANALYSIS = YES;
				CLANG_WARN_STRICT_PROTOTYPES = YES;
				CLANG_WARN_SUSPICIOUS_MOVE = YES;
				CLANG_WARN_UNGUARDED_AVAILABILITY = YES_AGGRESSIVE;
				CLANG_WARN_UNREACHABLE_CODE = YES;
				CLANG_WARN__DUPLICATE_METHOD_MATCH = YES;
				CODE_SIGN_IDENTITY = "iPhone Developer";
				COPY_PHASE_STRIP = NO;
				DEBUG_INFORMATION_FORMAT = "dwarf-with-dsym";
				ENABLE_NS_ASSERTIONS = NO;
				ENABLE_STRICT_OBJC_MSGSEND = YES;
				GCC_C_LANGUAGE_STANDARD = gnu11;
				GCC_NO_COMMON_BLOCKS = YES;
				GCC_WARN_64_TO_32_BIT_CONVERSION = YES;
				GCC_WARN_ABOUT_RETURN_TYPE = YES_ERROR;
				GCC_WARN_UNDECLARED_SELECTOR = YES;
				GCC_WARN_UNINITIALIZED_AUTOS = YES_AGGRESSIVE;
				GCC_WARN_UNUSED_FUNCTION = YES;
				GCC_WARN_UNUSED_VARIABLE = YES;
				IPHONEOS_DEPLOYMENT_TARGET = 11.2;
				MTL_ENABLE_DEBUG_INFO = NO;
				SDKROOT = iphoneos;
				SWIFT_OPTIMIZATION_LEVEL = "-Owholemodule";
				VALIDATE_PRODUCT = YES;
			};
			name = Release;
		};
		72F49E34205715D200FD8827 /* Debug */ = {
			isa = XCBuildConfiguration;
			buildSettings = {
				ASSETCATALOG_COMPILER_APPICON_NAME = AppIcon;
				CODE_SIGN_STYLE = Automatic;
				DEVELOPMENT_TEAM = 295STQ54Z5;
				INFOPLIST_FILE = diffcells/Info.plist;
				LD_RUNPATH_SEARCH_PATHS = "$(inherited) @executable_path/Frameworks";
				PRODUCT_BUNDLE_IDENTIFIER = com.favorinet.diffcells;
				PRODUCT_NAME = "$(TARGET_NAME)";
				SWIFT_VERSION = 4.0;
				TARGETED_DEVICE_FAMILY = "1,2";
			};
			name = Debug;
		};
		72F49E35205715D200FD8827 /* Release */ = {
			isa = XCBuildConfiguration;
			buildSettings = {
				ASSETCATALOG_COMPILER_APPICON_NAME = AppIcon;
				CODE_SIGN_STYLE = Automatic;
				DEVELOPMENT_TEAM = 295STQ54Z5;
				INFOPLIST_FILE = diffcells/Info.plist;
				LD_RUNPATH_SEARCH_PATHS = "$(inherited) @executable_path/Frameworks";
				PRODUCT_BUNDLE_IDENTIFIER = com.favorinet.diffcells;
				PRODUCT_NAME = "$(TARGET_NAME)";
				SWIFT_VERSION = 4.0;
				TARGETED_DEVICE_FAMILY = "1,2";
			};
			name = Release;
		};
/* End XCBuildConfiguration section */

/* Begin XCConfigurationList section */
		72F49E1C205715D200FD8827 /* Build configuration list for PBXProject "diffcells" */ = {
			isa = XCConfigurationList;
			buildConfigurations = (
				72F49E31205715D200FD8827 /* Debug */,
				72F49E32205715D200FD8827 /* Release */,
			);
			defaultConfigurationIsVisible = 0;
			defaultConfigurationName = Release;
		};
		72F49E33205715D200FD8827 /* Build configuration list for PBXNativeTarget "diffcells" */ = {
			isa = XCConfigurationList;
			buildConfigurations = (
				72F49E34205715D200FD8827 /* Debug */,
				72F49E35205715D200FD8827 /* Release */,
			);
			defaultConfigurationIsVisible = 0;
			defaultConfigurationName = Release;
		};
/* End XCConfigurationList section */
	};
	rootObject = 72F49E19205715D200FD8827 /* Project object */;
}
